
Microsoft Visual Studio Solution File, Format Version 12.00
# Visual Studio 15
VisualStudioVersion = 15.0.28307.572
MinimumVisualStudioVersion = 10.0.40219.1
Project("{8BC9CEB8-8B4A-11D0-8D11-00A0C91BC942}") = "game_from_scratch", "game_from_scratch\game_from_scratch.vcxproj", "{E6293F47-1AF6-40CB-AC71-8E84E9A29A3D}"
	ProjectSection(ProjectDependencies) = postProject
		{71298CAB-4DCF-4D4E-A2F1-F1B2478BDA8F} = {71298CAB-4DCF-4D4E-A2F1-F1B2478BDA8F}
	EndProjectSection
EndProject
Project("{8BC9CEB8-8B4A-11D0-8D11-00A0C91BC942}") = "blitwave", "..\..\blitwave\blitwave\blitwave.vcxproj", "{71298CAB-4DCF-4D4E-A2F1-F1B2478BDA8F}"
EndProject
Global
	GlobalSection(SolutionConfigurationPlatforms) = preSolution
		Debug|x64 = Debug|x64
		Debug|x86 = Debug|x86
		Release|x64 = Release|x64
		Release|x86 = Release|x86
	EndGlobalSection
	GlobalSection(ProjectConfigurationPlatforms) = postSolution
		{E6293F47-1AF6-40CB-AC71-8E84E9A29A3D}.Debug|x64.ActiveCfg = Debug|x64
		{E6293F47-1AF6-40CB-AC71-8E84E9A29A3D}.Debug|x64.Build.0 = Debug|x64
		{E6293F47-1AF6-40CB-AC71-8E84E9A29A3D}.Debug|x86.ActiveCfg = Debug|Win32
		{E6293F47-1AF6-40CB-AC71-8E84E9A29A3D}.Debug|x86.Build.0 = Debug|Win32
		{E6293F47-1AF6-40CB-AC71-8E84E9A29A3D}.Release|x64.ActiveCfg = Release|x64
		{E6293F47-1AF6-40CB-AC71-8E84E9A29A3D}.Release|x64.Build.0 = Release|x64
		{E6293F47-1AF6-40CB-AC71-8E84E9A29A3D}.Release|x86.ActiveCfg = Release|Win32
		{E6293F47-1AF6-40CB-AC71-8E84E9A29A3D}.Release|x86.Build.0 = Release|Win32
		{71298CAB-4DCF-4D4E-A2F1-F1B2478BDA8F}.Debug|x64.ActiveCfg = Debug|x64
		{71298CAB-4DCF-4D4E-A2F1-F1B2478BDA8F}.Debug|x64.Build.0 = Debug|x64
		{71298CAB-4DCF-4D4E-A2F1-F1B2478BDA8F}.Debug|x86.ActiveCfg = Debug|Win32
		{71298CAB-4DCF-4D4E-A2F1-F1B2478BDA8F}.Debug|x86.Build.0 = Debug|Win32
		{71298CAB-4DCF-4D4E-A2F1-F1B2478BDA8F}.Release|x64.ActiveCfg = Release|x64
		{71298CAB-4DCF-4D4E-A2F1-F1B2478BDA8F}.Release|x64.Build.0 = Release|x64
		{71298CAB-4DCF-4D4E-A2F1-F1B2478BDA8F}.Release|x86.ActiveCfg = Release|Win32
		{71298CAB-4DCF-4D4E-A2F1-F1B2478BDA8F}.Release|x86.Build.0 = Release|Win32
	EndGlobalSection
	GlobalSection(SolutionProperties) = preSolution
		HideSolutionNode = FALSE
	EndGlobalSection
	GlobalSection(ExtensibilityGlobals) = postSolution
		SolutionGuid = {D2FA9056-4BC7-4786-95E6-8A5BAC1DE408}
	EndGlobalSection
EndGlobal
