<?xml version="1.0" encoding="utf-8"?>
<Project ToolsVersion="4.0" xmlns="http://schemas.microsoft.com/developer/msbuild/2003">
  <ItemGroup>
    <Filter Include="Source Files">
      <UniqueIdentifier>{4FC737F1-C7A5-4376-A066-2A32D752A2FF}</UniqueIdentifier>
      <Extensions>cpp;c;cc;cxx;def;odl;idl;hpj;bat;asm;asmx</Extensions>
    </Filter>
    <Filter Include="Header Files">
      <UniqueIdentifier>{93995380-89BD-4b04-88EB-625FBE52EBFB}</UniqueIdentifier>
      <Extensions>h;hh;hpp;hxx;hm;inl;inc;ipp;xsd</Extensions>
    </Filter>
  </ItemGroup>
  <ItemGroup>
    <ClInclude Include="common\collections\string.h">
      <Filter>Header Files</Filter>
    </ClInclude>
    <ClInclude Include="common\system\object.h">
      <Filter>Header Files</Filter>
    </ClInclude>
    <ClInclude Include="common\system\system.h">
      <Filter>Header Files</Filter>
    </ClInclude>
    <ClInclude Include="common\collections\linkedlist.h">
      <Filter>Header Files</Filter>
    </ClInclude>
    <ClInclude Include="common\collections\collections.h">
      <Filter>Header Files</Filter>
    </ClInclude>
    <ClInclude Include="common\collections\arraylist.h">
      <Filter>Header Files</Filter>
    </ClInclude>
    <ClInclude Include="common\collections\collection.h">
      <Filter>Header Files</Filter>
    </ClInclude>
    <ClInclude Include="common\system\memory.h">
      <Filter>Header Files</Filter>
    </ClInclude>
    <ClInclude Include="common\diagnostics\assertion.h">
      <Filter>Header Files</Filter>
    </ClInclude>
    <ClInclude Include="common\system\convert.h">
      <Filter>Header Files</Filter>
    </ClInclude>
    <ClInclude Include="common\graphics\surface.h">
      <Filter>Header Files</Filter>
    </ClInclude>
    <ClInclude Include="common\platform_utility\win_utility.h">
      <Filter>Header Files</Filter>
    </ClInclude>
    <ClInclude Include="common\window\windows\win_window_impl.h">
      <Filter>Header Files</Filter>
    </ClInclude>
    <ClInclude Include="common\window\window.h">
      <Filter>Header Files</Filter>
    </ClInclude>
    <ClInclude Include="common\window\window_impl.h">
      <Filter>Header Files</Filter>
    </ClInclude>
    <ClInclude Include="common\window\window_options.h">
      <Filter>Header Files</Filter>
    </ClInclude>
    <ClInclude Include="common\window\dialogue_window.h">
      <Filter>Header Files</Filter>
    </ClInclude>
    <ClInclude Include="common\threading\thread.h">
      <Filter>Header Files</Filter>
    </ClInclude>
    <ClInclude Include="common\system\timer.h">
      <Filter>Header Files</Filter>
    </ClInclude>
    <ClInclude Include="common\system\timespan.h">
      <Filter>Header Files</Filter>
    </ClInclude>
    <ClInclude Include="common\system\math.h">
      <Filter>Header Files</Filter>
    </ClInclude>
    <ClInclude Include="common\threading\thread_impl.h">
      <Filter>Header Files</Filter>
    </ClInclude>
    <ClInclude Include="common\threading\windows\win_thread_impl.h">
      <Filter>Header Files</Filter>
    </ClInclude>
    <ClInclude Include="common\system\delegate.h">
      <Filter>Header Files</Filter>
    </ClInclude>
  </ItemGroup>
  <ItemGroup>
    <ClCompile Include="common.cpp">
      <Filter>Source Files</Filter>
    </ClCompile>
    <ClCompile Include="src\system\system.cpp">
      <Filter>Source Files</Filter>
    </ClCompile>
    <ClCompile Include="src\system\memory.cpp">
      <Filter>Source Files</Filter>
    </ClCompile>
    <ClCompile Include="src\system\object.cpp">
      <Filter>Source Files</Filter>
    </ClCompile>
    <ClCompile Include="src\diagnostics\assertion.cpp">
      <Filter>Source Files</Filter>
    </ClCompile>
    <ClCompile Include="src\system\convert.cpp">
      <Filter>Source Files</Filter>
    </ClCompile>
    <ClCompile Include="src\graphics\surface.cpp">
      <Filter>Source Files</Filter>
    </ClCompile>
    <ClCompile Include="src\window\windows\win_window_impl.cpp">
      <Filter>Source Files</Filter>
    </ClCompile>
    <ClCompile Include="src\platform_utility\win_utility.cpp">
      <Filter>Source Files</Filter>
    </ClCompile>
    <ClCompile Include="src\window\window.cpp">
      <Filter>Source Files</Filter>
    </ClCompile>
    <ClCompile Include="src\window\dialogue_window.cpp">
      <Filter>Source Files</Filter>
    </ClCompile>
    <ClCompile Include="src\threading\thread.cpp">
      <Filter>Source Files</Filter>
    </ClCompile>
    <ClCompile Include="src\system\timer.cpp">
      <Filter>Source Files</Filter>
    </ClCompile>
    <ClCompile Include="src\system\timespan.cpp">
      <Filter>Source Files</Filter>
    </ClCompile>
    <ClCompile Include="src\system\math.cpp">
      <Filter>Source Files</Filter>
    </ClCompile>
    <ClCompile Include="src\threading\thread_impl.cpp">
      <Filter>Source Files</Filter>
    </ClCompile>
    <ClCompile Include="src\threading\windows\win_thread_impl.cpp">
      <Filter>Source Files</Filter>
    </ClCompile>
    <ClCompile Include="src\system\delegate.cpp">
      <Filter>Source Files</Filter>
    </ClCompile>
  </ItemGroup>
  <ItemGroup>
    <None Include="cpp.hint" />
  </ItemGroup>
</Project>